<?xml version="1.0" encoding="utf-8"?>
<Project ToolsVersion="4.0" xmlns="http://schemas.microsoft.com/developer/msbuild/2003">
  <ItemGroup>
    <Filter Include="ソース ファイル">
      <UniqueIdentifier>{4FC737F1-C7A5-4376-A066-2A32D752A2FF}</UniqueIdentifier>
      <Extensions>cpp;c;cc;cxx;def;odl;idl;hpj;bat;asm;asmx</Extensions>
    </Filter>
    <Filter Include="ヘッダー ファイル">
      <UniqueIdentifier>{93995380-89BD-4b04-88EB-625FBE52EBFB}</UniqueIdentifier>
      <Extensions>h;hh;hpp;hxx;hm;inl;inc;ipp;xsd</Extensions>
    </Filter>
    <Filter Include="リソース ファイル">
      <UniqueIdentifier>{67DA6AB6-F800-4c08-8B7A-83BB121AAD01}</UniqueIdentifier>
      <Extensions>rc;ico;cur;bmp;dlg;rc2;rct;bin;rgs;gif;jpg;jpeg;jpe;resx;tiff;tif;png;wav;mfcribbon-ms</Extensions>
    </Filter>
    <Filter Include="シェーダー ファイル">
      <UniqueIdentifier>{7d0e7b81-4308-414a-ae59-352b3afeccd0}</UniqueIdentifier>
    </Filter>
    <Filter Include="ソース&amp;ヘッダー">
      <UniqueIdentifier>{eaa17ed8-cd3e-4e9e-a1ee-10a2f8733fac}</UniqueIdentifier>
    </Filter>
    <Filter Include="ソース&amp;ヘッダー\Input">
      <UniqueIdentifier>{1bbbba17-1263-47b6-aa39-3db23131c573}</UniqueIdentifier>
    </Filter>
    <Filter Include="ソース&amp;ヘッダー\DebugText">
      <UniqueIdentifier>{269aae06-996a-4f30-afdc-40de65715bae}</UniqueIdentifier>
    </Filter>
    <Filter Include="ソース&amp;ヘッダー\Object3d">
      <UniqueIdentifier>{3aebc879-1dc9-42c6-8407-2655c675e36f}</UniqueIdentifier>
    </Filter>
    <Filter Include="ソース&amp;ヘッダー\GameScene">
      <UniqueIdentifier>{38030a05-292a-43a5-ac45-37d8ff14e3a7}</UniqueIdentifier>
    </Filter>
    <Filter Include="ソース&amp;ヘッダー\Sprite">
      <UniqueIdentifier>{1f84c911-ddfd-4946-a113-41673f45a56c}</UniqueIdentifier>
    </Filter>
  </ItemGroup>
  <ItemGroup>
    <ClCompile Include="main.cpp">
      <Filter>ソース ファイル</Filter>
    </ClCompile>
    <ClCompile Include="WinApp.cpp">
      <Filter>ソース ファイル</Filter>
    </ClCompile>
    <ClCompile Include="DirectXCommon.cpp">
      <Filter>ソース ファイル</Filter>
    </ClCompile>
    <ClCompile Include="ParticleManager.cpp">
      <Filter>ソース&amp;ヘッダー\Object3d</Filter>
    </ClCompile>
    <ClCompile Include="DebugText.cpp">
      <Filter>ソース&amp;ヘッダー\DebugText</Filter>
    </ClCompile>
    <ClCompile Include="Input.cpp">
      <Filter>ソース&amp;ヘッダー\Input</Filter>
    </ClCompile>
    <ClCompile Include="GameScene.cpp">
      <Filter>ソース&amp;ヘッダー\GameScene</Filter>
    </ClCompile>
    <ClCompile Include="Sprite.cpp">
      <Filter>ソース&amp;ヘッダー\Sprite</Filter>
    </ClCompile>
  </ItemGroup>
  <ItemGroup>
    <FxCompile Include="Resources\shaders\ParticlePixelShader.hlsl">
      <Filter>シェーダー ファイル</Filter>
    </FxCompile>
    <FxCompile Include="Resources\shaders\ParticleVertexShader.hlsl">
      <Filter>シェーダー ファイル</Filter>
    </FxCompile>
    <FxCompile Include="Resources\shaders\SpritePixelShader.hlsl">
      <Filter>シェーダー ファイル</Filter>
    </FxCompile>
    <FxCompile Include="Resources\shaders\SpriteVertexShader.hlsl">
      <Filter>シェーダー ファイル</Filter>
    </FxCompile>
    <FxCompile Include="Resources\shaders\ParticleGeometryShader.hlsl">
      <Filter>シェーダー ファイル</Filter>
    </FxCompile>
  </ItemGroup>
  <ItemGroup>
    <None Include="Resources\shaders\ParticleShaderHeader.hlsli">
      <Filter>シェーダー ファイル</Filter>
    </None>
    <None Include="Resources\shaders\SpriteShaderHeader.hlsli">
      <Filter>シェーダー ファイル</Filter>
    </None>
  </ItemGroup>
  <ItemGroup>
    <ClInclude Include="WinApp.h">
      <Filter>ヘッダー ファイル</Filter>
    </ClInclude>
    <ClInclude Include="DirectXCommon.h">
      <Filter>ヘッダー ファイル</Filter>
    </ClInclude>
    <ClInclude Include="ParticleManager.h">
      <Filter>ソース&amp;ヘッダー\Object3d</Filter>
    </ClInclude>
    <ClInclude Include="DebugText.h">
      <Filter>ソース&amp;ヘッダー\DebugText</Filter>
    </ClInclude>
    <ClInclude Include="Input.h">
      <Filter>ソース&amp;ヘッダー\Input</Filter>
    </ClInclude>
    <ClInclude Include="GameScene.h">
      <Filter>ソース&amp;ヘッダー\GameScene</Filter>
    </ClInclude>
    <ClInclude Include="Sprite.h">
      <Filter>ソース&amp;ヘッダー\Sprite</Filter>
    </ClInclude>
  </ItemGroup>
</Project>